
Microsoft Visual Studio Solution File, Format Version 12.00
# Visual Studio Version 17
VisualStudioVersion = 17.14.36518.9 d17.14
MinimumVisualStudioVersion = 10.0.40219.1
Project("{FAE04EC0-301F-11D3-BF4B-00C04F79EFBC}") = "App_De_Gestion_De_Una_Clinica", "App_De_Gestion_De_Una_Clinica.csproj", "{893483FC-E1C2-43EA-BEA2-4228563168D1}"
EndProject
Global
	GlobalSection(SolutionConfigurationPlatforms) = preSolution
		Debug|Any CPU = Debug|Any CPU
		Release|Any CPU = Release|Any CPU
	EndGlobalSection
	GlobalSection(ProjectConfigurationPlatforms) = postSolution
		{893483FC-E1C2-43EA-BEA2-4228563168D1}.Debug|Any CPU.ActiveCfg = Debug|Any CPU
		{893483FC-E1C2-43EA-BEA2-4228563168D1}.Debug|Any CPU.Build.0 = Debug|Any CPU
		{893483FC-E1C2-43EA-BEA2-4228563168D1}.Release|Any CPU.ActiveCfg = Release|Any CPU
		{893483FC-E1C2-43EA-BEA2-4228563168D1}.Release|Any CPU.Build.0 = Release|Any CPU
	EndGlobalSection
	GlobalSection(SolutionProperties) = preSolution
		HideSolutionNode = FALSE
	EndGlobalSection
	GlobalSection(ExtensibilityGlobals) = postSolution
		SolutionGuid = {7784BB9A-09D3-49DA-AE73-B6E45AFCCFCC}
	EndGlobalSection
EndGlobal
