
Microsoft Visual Studio Solution File, Format Version 12.00
# Visual Studio Version 17
VisualStudioVersion = 17.14.36518.9 d17.14
MinimumVisualStudioVersion = 10.0.40219.1
Project("{FAE04EC0-301F-11D3-BF4B-00C04F79EFBC}") = "App_De_Gestion_De_Una_Clinica", "App_De_Gestion_De_Una_Clinica.csproj", "{3164B9D1-5177-4A36-A7DC-7887DA811C5B}"
EndProject
Global
	GlobalSection(SolutionConfigurationPlatforms) = preSolution
		Debug|Any CPU = Debug|Any CPU
		Release|Any CPU = Release|Any CPU
	EndGlobalSection
	GlobalSection(ProjectConfigurationPlatforms) = postSolution
		{3164B9D1-5177-4A36-A7DC-7887DA811C5B}.Debug|Any CPU.ActiveCfg = Debug|Any CPU
		{3164B9D1-5177-4A36-A7DC-7887DA811C5B}.Debug|Any CPU.Build.0 = Debug|Any CPU
		{3164B9D1-5177-4A36-A7DC-7887DA811C5B}.Release|Any CPU.ActiveCfg = Release|Any CPU
		{3164B9D1-5177-4A36-A7DC-7887DA811C5B}.Release|Any CPU.Build.0 = Release|Any CPU
	EndGlobalSection
	GlobalSection(SolutionProperties) = preSolution
		HideSolutionNode = FALSE
	EndGlobalSection
	GlobalSection(ExtensibilityGlobals) = postSolution
		SolutionGuid = {BD36EE35-C164-4743-A0D0-54796F98F42A}
	EndGlobalSection
EndGlobal
